
Microsoft Visual Studio Solution File, Format Version 12.00
# Visual Studio Version 17
VisualStudioVersion = 17.0.31903.59
MinimumVisualStudioVersion = 10.0.40219.1
Project("{9A19103F-16F7-4668-BE54-9A1E7A4F7556}") = "KinderlyProcessor", "KinderlyProcessor\KinderlyProcessor.csproj", "{D452EC23-CEC3-4BBC-A9C6-641BAACCB1A3}"
EndProject
Project("{FAE04EC0-301F-11D3-BF4B-00C04F79EFBC}") = "KinderlyProcessor.Core", "KinderlyProcessor.Core\KinderlyProcessor.Core.csproj", "{C81E7305-B5FA-4F3D-A40E-14E07C464770}"
EndProject
Global
	GlobalSection(SolutionConfigurationPlatforms) = preSolution
		Debug|Any CPU = Debug|Any CPU
		Release|Any CPU = Release|Any CPU
	EndGlobalSection
	GlobalSection(ProjectConfigurationPlatforms) = postSolution
		{D452EC23-CEC3-4BBC-A9C6-641BAACCB1A3}.Debug|Any CPU.ActiveCfg = Debug|Any CPU
		{D452EC23-CEC3-4BBC-A9C6-641BAACCB1A3}.Debug|Any CPU.Build.0 = Debug|Any CPU
		{D452EC23-CEC3-4BBC-A9C6-641BAACCB1A3}.Release|Any CPU.ActiveCfg = Release|Any CPU
		{D452EC23-CEC3-4BBC-A9C6-641BAACCB1A3}.Release|Any CPU.Build.0 = Release|Any CPU
		{C81E7305-B5FA-4F3D-A40E-14E07C464770}.Debug|Any CPU.ActiveCfg = Debug|Any CPU
		{C81E7305-B5FA-4F3D-A40E-14E07C464770}.Debug|Any CPU.Build.0 = Debug|Any CPU
		{C81E7305-B5FA-4F3D-A40E-14E07C464770}.Release|Any CPU.ActiveCfg = Release|Any CPU
		{C81E7305-B5FA-4F3D-A40E-14E07C464770}.Release|Any CPU.Build.0 = Release|Any CPU
	EndGlobalSection
	GlobalSection(SolutionProperties) = preSolution
		HideSolutionNode = FALSE
	EndGlobalSection
	GlobalSection(ExtensibilityGlobals) = postSolution
		SolutionGuid = {DF788896-5598-409D-BB24-53BB0289499C}
	EndGlobalSection
EndGlobal
